
Microsoft Visual Studio Solution File, Format Version 12.00
# Visual Studio 14
VisualStudioVersion = 14.0.25123.0
MinimumVisualStudioVersion = 10.0.40219.1
Project("{FAE04EC0-301F-11D3-BF4B-00C04F79EFBC}") = "ConsoleApplication1", "ConsoleApplication1\ConsoleApplication1.csproj", "{CAEA2A4B-F6CB-457E-ABDB-A4C4AC39C412}"
EndProject
Project("{FAE04EC0-301F-11D3-BF4B-00C04F79EFBC}") = "UserApp", "UserApp\UserApp.csproj", "{2FD1C012-2F2A-4D44-8301-516B444F98D4}"
EndProject
Global
	GlobalSection(SolutionConfigurationPlatforms) = preSolution
		Debug|Any CPU = Debug|Any CPU
		Release|Any CPU = Release|Any CPU
	EndGlobalSection
	GlobalSection(ProjectConfigurationPlatforms) = postSolution
		{CAEA2A4B-F6CB-457E-ABDB-A4C4AC39C412}.Debug|Any CPU.ActiveCfg = Debug|Any CPU
		{CAEA2A4B-F6CB-457E-ABDB-A4C4AC39C412}.Debug|Any CPU.Build.0 = Debug|Any CPU
		{CAEA2A4B-F6CB-457E-ABDB-A4C4AC39C412}.Release|Any CPU.ActiveCfg = Release|Any CPU
		{CAEA2A4B-F6CB-457E-ABDB-A4C4AC39C412}.Release|Any CPU.Build.0 = Release|Any CPU
		{2FD1C012-2F2A-4D44-8301-516B444F98D4}.Debug|Any CPU.ActiveCfg = Debug|Any CPU
		{2FD1C012-2F2A-4D44-8301-516B444F98D4}.Debug|Any CPU.Build.0 = Debug|Any CPU
		{2FD1C012-2F2A-4D44-8301-516B444F98D4}.Release|Any CPU.ActiveCfg = Release|Any CPU
		{2FD1C012-2F2A-4D44-8301-516B444F98D4}.Release|Any CPU.Build.0 = Release|Any CPU
	EndGlobalSection
	GlobalSection(SolutionProperties) = preSolution
		HideSolutionNode = FALSE
	EndGlobalSection
EndGlobal
